// !$*UTF8*$!
{
	archiveVersion = 1;
	classes = {
	};
	objectVersion = 77;
	objects = {

/* Begin PBXBuildFile section */
		9F89BAC62F1B08AC0047DC56 /* GoogleSignIn in Frameworks */ = {isa = PBXBuildFile; productRef = 9F89BAC52F1B08AC0047DC56 /* GoogleSignIn */; };
		9FAA95932EFF0A85008A1C85 /* Supabase in Frameworks */ = {isa = PBXBuildFile; productRef = 9FFF13C32EFDBD8A003BB8C0 /* Supabase */; };
		9FFF13C52EFDBD8A003BB8C0 /* (null) in Frameworks */ = {isa = PBXBuildFile; };
/* End PBXBuildFile section */

/* Begin PBXContainerItemProxy section */
		9FFF13A62EFDBD8A003BB8C0 /* PBXContainerItemProxy */ = {
			isa = PBXContainerItemProxy;
			containerPortal = 9FFF138C2EFDBD88003BB8C0 /* Project object */;
			proxyType = 1;
			remoteGlobalIDString = 9FFF13932EFDBD88003BB8C0;
			remoteInfo = Auntentic_AI;
		};
		9FFF13B02EFDBD8A003BB8C0 /* PBXContainerItemProxy */ = {
			isa = PBXContainerItemProxy;
			containerPortal = 9FFF138C2EFDBD88003BB8C0 /* Project object */;
			proxyType = 1;
			remoteGlobalIDString = 9FFF13932EFDBD88003BB8C0;
			remoteInfo = Auntentic_AI;
		};
/* End PBXContainerItemProxy section */

/* Begin PBXFileReference section */
		9FFF13942EFDBD88003BB8C0 /* Auntentic_AI.app */ = {isa = PBXFileReference; explicitFileType = wrapper.application; includeInIndex = 0; path = Auntentic_AI.app; sourceTree = BUILT_PRODUCTS_DIR; };
		9FFF13A52EFDBD8A003BB8C0 /* Auntentic_AITests.xctest */ = {isa = PBXFileReference; explicitFileType = wrapper.cfbundle; includeInIndex = 0; path = Auntentic_AITests.xctest; sourceTree = BUILT_PRODUCTS_DIR; };
		9FFF13AF2EFDBD8A003BB8C0 /* Auntentic_AIUITests.xctest */ = {isa = PBXFileReference; explicitFileType = wrapper.cfbundle; includeInIndex = 0; path = Auntentic_AIUITests.xctest; sourceTree = BUILT_PRODUCTS_DIR; };
/* End PBXFileReference section */

/* Begin PBXFileSystemSynchronizedBuildFileExceptionSet section */
		9FFF13B72EFDBD8A003BB8C0 /* Exceptions for "Auntentic_AI" folder in "Auntentic_AI" target */ = {
			isa = PBXFileSystemSynchronizedBuildFileExceptionSet;
			membershipExceptions = (
				Info.plist,
			);
			target = 9FFF13932EFDBD88003BB8C0 /* Auntentic_AI */;
		};
/* End PBXFileSystemSynchronizedBuildFileExceptionSet section */

/* Begin PBXFileSystemSynchronizedRootGroup section */
		9FFF13962EFDBD88003BB8C0 /* Auntentic_AI */ = {
			isa = PBXFileSystemSynchronizedRootGroup;
			exceptions = (
				9FFF13B72EFDBD8A003BB8C0 /* Exceptions for "Auntentic_AI" folder in "Auntentic_AI" target */,
			);
			path = Auntentic_AI;
			sourceTree = "<group>";
		};
		9FFF13A82EFDBD8A003BB8C0 /* Auntentic_AITests */ = {
			isa = PBXFileSystemSynchronizedRootGroup;
			path = Auntentic_AITests;
			sourceTree = "<group>";
		};
		9FFF13B22EFDBD8A003BB8C0 /* Auntentic_AIUITests */ = {
			isa = PBXFileSystemSynchronizedRootGroup;
			path = Auntentic_AIUITests;
			sourceTree = "<group>";
		};
/* End PBXFileSystemSynchronizedRootGroup section */

/* Begin PBXFrameworksBuildPhase section */
		9FFF13912EFDBD88003BB8C0 /* Frameworks */ = {
			isa = PBXFrameworksBuildPhase;
			buildActionMask = 2147483647;
			files = (
				9FAA95932EFF0A85008A1C85 /* Supabase in Frameworks */,
				9FFF13C52EFDBD8A003BB8C0 /* (null) in Frameworks */,
				9F89BAC62F1B08AC0047DC56 /* GoogleSignIn in Frameworks */,
			);
			runOnlyForDeploymentPostprocessing = 0;
		};
		9FFF13A22EFDBD8A003BB8C0 /* Frameworks */ = {
			isa = PBXFrameworksBuildPhase;
			buildActionMask = 2147483647;
			files = (
			);
			runOnlyForDeploymentPostprocessing = 0;
		};
		9FFF13AC2EFDBD8A003BB8C0 /* Frameworks */ = {
			isa = PBXFrameworksBuildPhase;
			buildActionMask = 2147483647;
			files = (
			);
			runOnlyForDeploymentPostprocessing = 0;
		};
/* End PBXFrameworksBuildPhase section */

/* Begin PBXGroup section */
		9FFF138B2EFDBD88003BB8C0 = {
			isa = PBXGroup;
			children = (
				9FFF13962EFDBD88003BB8C0 /* Auntentic_AI */,
				9FFF13A82EFDBD8A003BB8C0 /* Auntentic_AITests */,
				9FFF13B22EFDBD8A003BB8C0 /* Auntentic_AIUITests */,
				9FFF13952EFDBD88003BB8C0 /* Products */,
			);
			sourceTree = "<group>";
		};
		9FFF13952EFDBD88003BB8C0 /* Products */ = {
			isa = PBXGroup;
			children = (
				9FFF13942EFDBD88003BB8C0 /* Auntentic_AI.app */,
				9FFF13A52EFDBD8A003BB8C0 /* Auntentic_AITests.xctest */,
				9FFF13AF2EFDBD8A003BB8C0 /* Auntentic_AIUITests.xctest */,
			);
			name = Products;
			sourceTree = "<group>";
		};
/* End PBXGroup section */

/* Begin PBXNativeTarget section */
		9FFF13932EFDBD88003BB8C0 /* Auntentic_AI */ = {
			isa = PBXNativeTarget;
			buildConfigurationList = 9FFF13B82EFDBD8A003BB8C0 /* Build configuration list for PBXNativeTarget "Auntentic_AI" */;
			buildPhases = (
				9FFF13902EFDBD88003BB8C0 /* Sources */,
				9FFF13912EFDBD88003BB8C0 /* Frameworks */,
				9FFF13922EFDBD88003BB8C0 /* Resources */,
			);
			buildRules = (
			);
			dependencies = (
			);
			fileSystemSynchronizedGroups = (
				9FFF13962EFDBD88003BB8C0 /* Auntentic_AI */,
			);
			name = Auntentic_AI;
			packageProductDependencies = (
				9FFF13C32EFDBD8A003BB8C0 /* Supabase */,
				9F89BAC52F1B08AC0047DC56 /* GoogleSignIn */,
			);
			productName = Auntentic_AI;
			productReference = 9FFF13942EFDBD88003BB8C0 /* Auntentic_AI.app */;
			productType = "com.apple.product-type.application";
		};
		9FFF13A42EFDBD8A003BB8C0 /* Auntentic_AITests */ = {
			isa = PBXNativeTarget;
			buildConfigurationList = 9FFF13BD2EFDBD8A003BB8C0 /* Build configuration list for PBXNativeTarget "Auntentic_AITests" */;
			buildPhases = (
				9FFF13A12EFDBD8A003BB8C0 /* Sources */,
				9FFF13A22EFDBD8A003BB8C0 /* Frameworks */,
				9FFF13A32EFDBD8A003BB8C0 /* Resources */,
			);
			buildRules = (
			);
			dependencies = (
				9FFF13A72EFDBD8A003BB8C0 /* PBXTargetDependency */,
			);
			fileSystemSynchronizedGroups = (
				9FFF13A82EFDBD8A003BB8C0 /* Auntentic_AITests */,
			);
			name = Auntentic_AITests;
			packageProductDependencies = (
			);
			productName = Auntentic_AITests;
			productReference = 9FFF13A52EFDBD8A003BB8C0 /* Auntentic_AITests.xctest */;
			productType = "com.apple.product-type.bundle.unit-test";
		};
		9FFF13AE2EFDBD8A003BB8C0 /* Auntentic_AIUITests */ = {
			isa = PBXNativeTarget;
			buildConfigurationList = 9FFF13C02EFDBD8A003BB8C0 /* Build configuration list for PBXNativeTarget "Auntentic_AIUITests" */;
			buildPhases = (
				9FFF13AB2EFDBD8A003BB8C0 /* Sources */,
				9FFF13AC2EFDBD8A003BB8C0 /* Frameworks */,
				9FFF13AD2EFDBD8A003BB8C0 /* Resources */,
			);
			buildRules = (
			);
			dependencies = (
				9FFF13B12EFDBD8A003BB8C0 /* PBXTargetDependency */,
			);
			fileSystemSynchronizedGroups = (
				9FFF13B22EFDBD8A003BB8C0 /* Auntentic_AIUITests */,
			);
			name = Auntentic_AIUITests;
			packageProductDependencies = (
			);
			productName = Auntentic_AIUITests;
			productReference = 9FFF13AF2EFDBD8A003BB8C0 /* Auntentic_AIUITests.xctest */;
			productType = "com.apple.product-type.bundle.ui-testing";
		};
/* End PBXNativeTarget section */

/* Begin PBXProject section */
		9FFF138C2EFDBD88003BB8C0 /* Project object */ = {
			isa = PBXProject;
			attributes = {
				BuildIndependentTargetsInParallel = 1;
				LastSwiftUpdateCheck = 2620;
				LastUpgradeCheck = 2620;
				TargetAttributes = {
					9FFF13932EFDBD88003BB8C0 = {
						CreatedOnToolsVersion = 26.2;
					};
					9FFF13A42EFDBD8A003BB8C0 = {
						CreatedOnToolsVersion = 26.2;
						TestTargetID = 9FFF13932EFDBD88003BB8C0;
					};
					9FFF13AE2EFDBD8A003BB8C0 = {
						CreatedOnToolsVersion = 26.2;
						TestTargetID = 9FFF13932EFDBD88003BB8C0;
					};
				};
			};
			buildConfigurationList = 9FFF138F2EFDBD88003BB8C0 /* Build configuration list for PBXProject "Auntentic_AI" */;
			developmentRegion = en;
			hasScannedForEncodings = 0;
			knownRegions = (
				en,
				Base,
			);
			mainGroup = 9FFF138B2EFDBD88003BB8C0;
			minimizedProjectReferenceProxies = 1;
			packageReferences = (
				9FFF13C42EFDBD8A003BB8C0 /* XCRemoteSwiftPackageReference "supabase-swift" */,
				9F89BAC42F1B08AC0047DC56 /* XCRemoteSwiftPackageReference "GoogleSignIn-iOS" */,
			);
			preferredProjectObjectVersion = 77;
			productRefGroup = 9FFF13952EFDBD88003BB8C0 /* Products */;
			projectDirPath = "";
			projectRoot = "";
			targets = (
				9FFF13932EFDBD88003BB8C0 /* Auntentic_AI */,
				9FFF13A42EFDBD8A003BB8C0 /* Auntentic_AITests */,
				9FFF13AE2EFDBD8A003BB8C0 /* Auntentic_AIUITests */,
			);
		};
/* End PBXProject section */

/* Begin PBXResourcesBuildPhase section */
		9FFF13922EFDBD88003BB8C0 /* Resources */ = {
			isa = PBXResourcesBuildPhase;
			buildActionMask = 2147483647;
			files = (
			);
			runOnlyForDeploymentPostprocessing = 0;
		};
		9FFF13A32EFDBD8A003BB8C0 /* Resources */ = {
			isa = PBXResourcesBuildPhase;
			buildActionMask = 2147483647;
			files = (
			);
			runOnlyForDeploymentPostprocessing = 0;
		};
		9FFF13AD2EFDBD8A003BB8C0 /* Resources */ = {
			isa = PBXResourcesBuildPhase;
			buildActionMask = 2147483647;
			files = (
			);
			runOnlyForDeploymentPostprocessing = 0;
		};
/* End PBXResourcesBuildPhase section */

/* Begin PBXSourcesBuildPhase section */
		9FFF13902EFDBD88003BB8C0 /* Sources */ = {
			isa = PBXSourcesBuildPhase;
			buildActionMask = 2147483647;
			files = (
			);
			runOnlyForDeploymentPostprocessing = 0;
		};
		9FFF13A12EFDBD8A003BB8C0 /* Sources */ = {
			isa = PBXSourcesBuildPhase;
			buildActionMask = 2147483647;
			files = (
			);
			runOnlyForDeploymentPostprocessing = 0;
		};
		9FFF13AB2EFDBD8A003BB8C0 /* Sources */ = {
			isa = PBXSourcesBuildPhase;
			buildActionMask = 2147483647;
			files = (
			);
			runOnlyForDeploymentPostprocessing = 0;
		};
/* End PBXSourcesBuildPhase section */

/* Begin PBXTargetDependency section */
		9FFF13A72EFDBD8A003BB8C0 /* PBXTargetDependency */ = {
			isa = PBXTargetDependency;
			target = 9FFF13932EFDBD88003BB8C0 /* Auntentic_AI */;
			targetProxy = 9FFF13A62EFDBD8A003BB8C0 /* PBXContainerItemProxy */;
		};
		9FFF13B12EFDBD8A003BB8C0 /* PBXTargetDependency */ = {
			isa = PBXTargetDependency;
			target = 9FFF13932EFDBD88003BB8C0 /* Auntentic_AI */;
			targetProxy = 9FFF13B02EFDBD8A003BB8C0 /* PBXContainerItemProxy */;
		};
/* End PBXTargetDependency section */

/* Begin XCBuildConfiguration section */
		9FFF13B92EFDBD8A003BB8C0 /* Debug */ = {
			isa = XCBuildConfiguration;
			buildSettings = {
				ASSETCATALOG_COMPILER_APPICON_NAME = AppIcon;
				ASSETCATALOG_COMPILER_GLOBAL_ACCENT_COLOR_NAME = AccentColor;
				CODE_SIGN_ENTITLEMENTS = Auntentic_AI/Auntentic_AI.entitlements;
				CODE_SIGN_STYLE = Automatic;
				CURRENT_PROJECT_VERSION = 2;
				DEVELOPMENT_TEAM = G222L774CQ;
				ENABLE_PREVIEWS = YES;
				GENERATE_INFOPLIST_FILE = YES;
				INFOPLIST_FILE = Auntentic_AI/Info.plist;
				INFOPLIST_KEY_LSApplicationCategoryType = "public.app-category.business";
				INFOPLIST_KEY_UIApplicationSceneManifest_Generation = YES;
				INFOPLIST_KEY_UIApplicationSupportsIndirectInputEvents = YES;
				INFOPLIST_KEY_UILaunchScreen_Generation = YES;
				INFOPLIST_KEY_UISupportedInterfaceOrientations = UIInterfaceOrientationPortrait;
				INFOPLIST_KEY_UISupportedInterfaceOrientations_iPad = "UIInterfaceOrientationLandscapeLeft UIInterfaceOrientationLandscapeRight UIInterfaceOrientationPortrait UIInterfaceOrientationPortraitUpsideDown";
				LD_RUNPATH_SEARCH_PATHS = (
					"$(inherited)",
					"@executable_path/Frameworks",
				);
				MARKETING_VERSION = 1.0;
				PRODUCT_BUNDLE_IDENTIFIER = RZH.CheckKicks;
				PRODUCT_NAME = "$(TARGET_NAME)";
				STRING_CATALOG_GENERATE_SYMBOLS = YES;
				SUPPORTED_PLATFORMS = "iphoneos iphonesimulator";
				SUPPORTS_MACCATALYST = NO;
				SUPPORTS_MAC_DESIGNED_FOR_IPHONE_IPAD = NO;
				SUPPORTS_XR_DESIGNED_FOR_IPHONE_IPAD = NO;
				SWIFT_APPROACHABLE_CONCURRENCY = YES;
				SWIFT_DEFAULT_ACTOR_ISOLATION = MainActor;
				SWIFT_EMIT_LOC_STRINGS = YES;
				SWIFT_UPCOMING_FEATURE_MEMBER_IMPORT_VISIBILITY = YES;
				SWIFT_VERSION = 5.0;
				TARGETED_DEVICE_FAMILY = 1;
			};
			name = Debug;
		};
		9FFF13BA2EFDBD8A003BB8C0 /* Release */ = {
			isa = XCBuildConfiguration;
			buildSettings = {
				ASSETCATALOG_COMPILER_APPICON_NAME = AppIcon;
				ASSETCATALOG_COMPILER_GLOBAL_ACCENT_COLOR_NAME = AccentColor;
				CODE_SIGN_ENTITLEMENTS = Auntentic_AI/Auntentic_AI.entitlements;
				CODE_SIGN_STYLE = Automatic;
				CURRENT_PROJECT_VERSION = 2;
				DEVELOPMENT_TEAM = G222L774CQ;
				ENABLE_PREVIEWS = YES;
				GENERATE_INFOPLIST_FILE = YES;
				INFOPLIST_FILE = Auntentic_AI/Info.plist;
				INFOPLIST_KEY_LSApplicationCategoryType = "public.app-category.business";
				INFOPLIST_KEY_UIApplicationSceneManifest_Generation = YES;
				INFOPLIST_KEY_UIApplicationSupportsIndirectInputEvents = YES;
				INFOPLIST_KEY_UILaunchScreen_Generation = YES;
				INFOPLIST_KEY_UISupportedInterfaceOrientations = UIInterfaceOrientationPortrait;
				INFOPLIST_KEY_UISupportedInterfaceOrientations_iPad = "UIInterfaceOrientationLandscapeLeft UIInterfaceOrientationLandscapeRight UIInterfaceOrientationPortrait UIInterfaceOrientationPortraitUpsideDown";
				LD_RUNPATH_SEARCH_PATHS = (
					"$(inherited)",
					"@executable_path/Frameworks",
				);
				MARKETING_VERSION = 1.0;
				PRODUCT_BUNDLE_IDENTIFIER = RZH.CheckKicks;
				PRODUCT_NAME = "$(TARGET_NAME)";
				STRING_CATALOG_GENERATE_SYMBOLS = YES;
				SUPPORTED_PLATFORMS = "iphoneos iphonesimulator";
				SUPPORTS_MACCATALYST = NO;
				SUPPORTS_MAC_DESIGNED_FOR_IPHONE_IPAD = NO;
				SUPPORTS_XR_DESIGNED_FOR_IPHONE_IPAD = NO;
				SWIFT_APPROACHABLE_CONCURRENCY = YES;
				SWIFT_DEFAULT_ACTOR_ISOLATION = MainActor;
				SWIFT_EMIT_LOC_STRINGS = YES;
				SWIFT_UPCOMING_FEATURE_MEMBER_IMPORT_VISIBILITY = YES;
				SWIFT_VERSION = 5.0;
				TARGETED_DEVICE_FAMILY = 1;
			};
			name = Release;
		};
		9FFF13BB2EFDBD8A003BB8C0 /* Debug */ = {
			isa = XCBuildConfiguration;
			buildSettings = {
				ALWAYS_SEARCH_USER_PATHS = NO;
				ASSETCATALOG_COMPILER_GENERATE_SWIFT_ASSET_SYMBOL_EXTENSIONS = YES;
				CLANG_ANALYZER_NONNULL = YES;
				CLANG_ANALYZER_NUMBER_OBJECT_CONVERSION = YES_AGGRESSIVE;
				CLANG_CXX_LANGUAGE_STANDARD = "gnu++20";
				CLANG_ENABLE_MODULES = YES;
				CLANG_ENABLE_OBJC_ARC = YES;
				CLANG_ENABLE_OBJC_WEAK = YES;
				CLANG_WARN_BLOCK_CAPTURE_AUTORELEASING = YES;
				CLANG_WARN_BOOL_CONVERSION = YES;
				CLANG_WARN_COMMA = YES;
				CLANG_WARN_CONSTANT_CONVERSION = YES;
				CLANG_WARN_DEPRECATED_OBJC_IMPLEMENTATIONS = YES;
				CLANG_WARN_DIRECT_OBJC_ISA_USAGE = YES_ERROR;
				CLANG_WARN_DOCUMENTATION_COMMENTS = YES;
				CLANG_WARN_EMPTY_BODY = YES;
				CLANG_WARN_ENUM_CONVERSION = YES;
				CLANG_WARN_INFINITE_RECURSION = YES;
				CLANG_WARN_INT_CONVERSION = YES;
				CLANG_WARN_NON_LITERAL_NULL_CONVERSION = YES;
				CLANG_WARN_OBJC_IMPLICIT_RETAIN_SELF = YES;
				CLANG_WARN_OBJC_LITERAL_CONVERSION = YES;
				CLANG_WARN_OBJC_ROOT_CLASS = YES_ERROR;
				CLANG_WARN_QUOTED_INCLUDE_IN_FRAMEWORK_HEADER = YES;
				CLANG_WARN_RANGE_LOOP_ANALYSIS = YES;
				CLANG_WARN_STRICT_PROTOTYPES = YES;
				CLANG_WARN_SUSPICIOUS_MOVE = YES;
				CLANG_WARN_UNGUARDED_AVAILABILITY = YES_AGGRESSIVE;
				CLANG_WARN_UNREACHABLE_CODE = YES;
				CLANG_WARN__DUPLICATE_METHOD_MATCH = YES;
				COPY_PHASE_STRIP = NO;
				DEBUG_INFORMATION_FORMAT = dwarf;
				DEVELOPMENT_TEAM = G222L774CQ;
				ENABLE_STRICT_OBJC_MSGSEND = YES;
				ENABLE_TESTABILITY = YES;
				ENABLE_USER_SCRIPT_SANDBOXING = YES;
				GCC_C_LANGUAGE_STANDARD = gnu17;
				GCC_DYNAMIC_NO_PIC = NO;
				GCC_NO_COMMON_BLOCKS = YES;
				GCC_OPTIMIZATION_LEVEL = 0;
				GCC_PREPROCESSOR_DEFINITIONS = (
					"DEBUG=1",
					"$(inherited)",
				);
				GCC_WARN_64_TO_32_BIT_CONVERSION = YES;
				GCC_WARN_ABOUT_RETURN_TYPE = YES_ERROR;
				GCC_WARN_UNDECLARED_SELECTOR = YES;
				GCC_WARN_UNINITIALIZED_AUTOS = YES_AGGRESSIVE;
				GCC_WARN_UNUSED_FUNCTION = YES;
				GCC_WARN_UNUSED_VARIABLE = YES;
				IPHONEOS_DEPLOYMENT_TARGET = 17.0;
				LOCALIZATION_PREFERS_STRING_CATALOGS = YES;
				MTL_ENABLE_DEBUG_INFO = INCLUDE_SOURCE;
				MTL_FAST_MATH = YES;
				ONLY_ACTIVE_ARCH = YES;
				SDKROOT = iphoneos;
				SWIFT_ACTIVE_COMPILATION_CONDITIONS = "DEBUG $(inherited)";
				SWIFT_OPTIMIZATION_LEVEL = "-Onone";
			};
			name = Debug;
		};
		9FFF13BC2EFDBD8A003BB8C0 /* Release */ = {
			isa = XCBuildConfiguration;
			buildSettings = {
				ALWAYS_SEARCH_USER_PATHS = NO;
				ASSETCATALOG_COMPILER_GENERATE_SWIFT_ASSET_SYMBOL_EXTENSIONS = YES;
				CLANG_ANALYZER_NONNULL = YES;
				CLANG_ANALYZER_NUMBER_OBJECT_CONVERSION = YES_AGGRESSIVE;
				CLANG_CXX_LANGUAGE_STANDARD = "gnu++20";
				CLANG_ENABLE_MODULES = YES;
				CLANG_ENABLE_OBJC_ARC = YES;
				CLANG_ENABLE_OBJC_WEAK = YES;
				CLANG_WARN_BLOCK_CAPTURE_AUTORELEASING = YES;
				CLANG_WARN_BOOL_CONVERSION = YES;
				CLANG_WARN_COMMA = YES;
				CLANG_WARN_CONSTANT_CONVERSION = YES;
				CLANG_WARN_DEPRECATED_OBJC_IMPLEMENTATIONS = YES;
				CLANG_WARN_DIRECT_OBJC_ISA_USAGE = YES_ERROR;
				CLANG_WARN_DOCUMENTATION_COMMENTS = YES;
				CLANG_WARN_EMPTY_BODY = YES;
				CLANG_WARN_ENUM_CONVERSION = YES;
				CLANG_WARN_INFINITE_RECURSION = YES;
				CLANG_WARN_INT_CONVERSION = YES;
				CLANG_WARN_NON_LITERAL_NULL_CONVERSION = YES;
				CLANG_WARN_OBJC_IMPLICIT_RETAIN_SELF = YES;
				CLANG_WARN_OBJC_LITERAL_CONVERSION = YES;
				CLANG_WARN_OBJC_ROOT_CLASS = YES_ERROR;
				CLANG_WARN_QUOTED_INCLUDE_IN_FRAMEWORK_HEADER = YES;
				CLANG_WARN_RANGE_LOOP_ANALYSIS = YES;
				CLANG_WARN_STRICT_PROTOTYPES = YES;
				CLANG_WARN_SUSPICIOUS_MOVE = YES;
				CLANG_WARN_UNGUARDED_AVAILABILITY = YES_AGGRESSIVE;
				CLANG_WARN_UNREACHABLE_CODE = YES;
				CLANG_WARN__DUPLICATE_METHOD_MATCH = YES;
				COPY_PHASE_STRIP = NO;
				DEBUG_INFORMATION_FORMAT = "dwarf-with-dsym";
				DEVELOPMENT_TEAM = G222L774CQ;
				ENABLE_NS_ASSERTIONS = NO;
				ENABLE_STRICT_OBJC_MSGSEND = YES;
				ENABLE_USER_SCRIPT_SANDBOXING = YES;
				GCC_C_LANGUAGE_STANDARD = gnu17;
				GCC_NO_COMMON_BLOCKS = YES;
				GCC_WARN_64_TO_32_BIT_CONVERSION = YES;
				GCC_WARN_ABOUT_RETURN_TYPE = YES_ERROR;
				GCC_WARN_UNDECLARED_SELECTOR = YES;
				GCC_WARN_UNINITIALIZED_AUTOS = YES_AGGRESSIVE;
				GCC_WARN_UNUSED_FUNCTION = YES;
				GCC_WARN_UNUSED_VARIABLE = YES;
				IPHONEOS_DEPLOYMENT_TARGET = 17.0;
				LOCALIZATION_PREFERS_STRING_CATALOGS = YES;
				MTL_ENABLE_DEBUG_INFO = NO;
				MTL_FAST_MATH = YES;
				SDKROOT = iphoneos;
				SWIFT_COMPILATION_MODE = wholemodule;
				VALIDATE_PRODUCT = YES;
			};
			name = Release;
		};
		9FFF13BE2EFDBD8A003BB8C0 /* Debug */ = {
			isa = XCBuildConfiguration;
			buildSettings = {
				BUNDLE_LOADER = "$(TEST_HOST)";
				CODE_SIGN_STYLE = Automatic;
				CURRENT_PROJECT_VERSION = 2;
				DEVELOPMENT_TEAM = G222L774CQ;
				GENERATE_INFOPLIST_FILE = YES;
				IPHONEOS_DEPLOYMENT_TARGET = 17.0;
				MARKETING_VERSION = 1.0;
				PRODUCT_BUNDLE_IDENTIFIER = RZH.CheckKicksTests;
				PRODUCT_NAME = "$(TARGET_NAME)";
				STRING_CATALOG_GENERATE_SYMBOLS = NO;
				SUPPORTED_PLATFORMS = "iphoneos iphonesimulator";
				SUPPORTS_MACCATALYST = NO;
				SUPPORTS_MAC_DESIGNED_FOR_IPHONE_IPAD = NO;
				SUPPORTS_XR_DESIGNED_FOR_IPHONE_IPAD = NO;
				SWIFT_APPROACHABLE_CONCURRENCY = YES;
				SWIFT_EMIT_LOC_STRINGS = NO;
				SWIFT_UPCOMING_FEATURE_MEMBER_IMPORT_VISIBILITY = YES;
				SWIFT_VERSION = 5.0;
				TARGETED_DEVICE_FAMILY = 1;
				TEST_HOST = "$(BUILT_PRODUCTS_DIR)/Auntentic_AI.app/$(BUNDLE_EXECUTABLE_FOLDER_PATH)/Auntentic_AI";
			};
			name = Debug;
		};
		9FFF13BF2EFDBD8A003BB8C0 /* Release */ = {
			isa = XCBuildConfiguration;
			buildSettings = {
				BUNDLE_LOADER = "$(TEST_HOST)";
				CODE_SIGN_STYLE = Automatic;
				CURRENT_PROJECT_VERSION = 2;
				DEVELOPMENT_TEAM = G222L774CQ;
				GENERATE_INFOPLIST_FILE = YES;
				IPHONEOS_DEPLOYMENT_TARGET = 17.0;
				MARKETING_VERSION = 1.0;
				PRODUCT_BUNDLE_IDENTIFIER = RZH.CheckKicksTests;
				PRODUCT_NAME = "$(TARGET_NAME)";
				STRING_CATALOG_GENERATE_SYMBOLS = NO;
				SUPPORTED_PLATFORMS = "iphoneos iphonesimulator";
				SUPPORTS_MACCATALYST = NO;
				SUPPORTS_MAC_DESIGNED_FOR_IPHONE_IPAD = NO;
				SUPPORTS_XR_DESIGNED_FOR_IPHONE_IPAD = NO;
				SWIFT_APPROACHABLE_CONCURRENCY = YES;
				SWIFT_EMIT_LOC_STRINGS = NO;
				SWIFT_UPCOMING_FEATURE_MEMBER_IMPORT_VISIBILITY = YES;
				SWIFT_VERSION = 5.0;
				TARGETED_DEVICE_FAMILY = 1;
				TEST_HOST = "$(BUILT_PRODUCTS_DIR)/Auntentic_AI.app/$(BUNDLE_EXECUTABLE_FOLDER_PATH)/Auntentic_AI";
			};
			name = Release;
		};
		9FFF13C12EFDBD8A003BB8C0 /* Debug */ = {
			isa = XCBuildConfiguration;
			buildSettings = {
				CODE_SIGN_STYLE = Automatic;
				CURRENT_PROJECT_VERSION = 2;
				DEVELOPMENT_TEAM = G222L774CQ;
				GENERATE_INFOPLIST_FILE = YES;
				MARKETING_VERSION = 1.0;
				PRODUCT_BUNDLE_IDENTIFIER = RZH.CheckKicksUITests;
				PRODUCT_NAME = "$(TARGET_NAME)";
				STRING_CATALOG_GENERATE_SYMBOLS = NO;
				SUPPORTED_PLATFORMS = "iphoneos iphonesimulator";
				SUPPORTS_MACCATALYST = NO;
				SUPPORTS_MAC_DESIGNED_FOR_IPHONE_IPAD = NO;
				SUPPORTS_XR_DESIGNED_FOR_IPHONE_IPAD = NO;
				SWIFT_APPROACHABLE_CONCURRENCY = YES;
				SWIFT_EMIT_LOC_STRINGS = NO;
				SWIFT_UPCOMING_FEATURE_MEMBER_IMPORT_VISIBILITY = YES;
				SWIFT_VERSION = 5.0;
				TARGETED_DEVICE_FAMILY = 1;
				TEST_TARGET_NAME = Auntentic_AI;
			};
			name = Debug;
		};
		9FFF13C22EFDBD8A003BB8C0 /* Release */ = {
			isa = XCBuildConfiguration;
			buildSettings = {
				CODE_SIGN_STYLE = Automatic;
				CURRENT_PROJECT_VERSION = 2;
				DEVELOPMENT_TEAM = G222L774CQ;
				GENERATE_INFOPLIST_FILE = YES;
				MARKETING_VERSION = 1.0;
				PRODUCT_BUNDLE_IDENTIFIER = RZH.CheckKicksUITests;
				PRODUCT_NAME = "$(TARGET_NAME)";
				STRING_CATALOG_GENERATE_SYMBOLS = NO;
				SUPPORTED_PLATFORMS = "iphoneos iphonesimulator";
				SUPPORTS_MACCATALYST = NO;
				SUPPORTS_MAC_DESIGNED_FOR_IPHONE_IPAD = NO;
				SUPPORTS_XR_DESIGNED_FOR_IPHONE_IPAD = NO;
				SWIFT_APPROACHABLE_CONCURRENCY = YES;
				SWIFT_EMIT_LOC_STRINGS = NO;
				SWIFT_UPCOMING_FEATURE_MEMBER_IMPORT_VISIBILITY = YES;
				SWIFT_VERSION = 5.0;
				TARGETED_DEVICE_FAMILY = 1;
				TEST_TARGET_NAME = Auntentic_AI;
			};
			name = Release;
		};
/* End XCBuildConfiguration section */

/* Begin XCConfigurationList section */
		9FFF138F2EFDBD88003BB8C0 /* Build configuration list for PBXProject "Auntentic_AI" */ = {
			isa = XCConfigurationList;
			buildConfigurations = (
				9FFF13BB2EFDBD8A003BB8C0 /* Debug */,
				9FFF13BC2EFDBD8A003BB8C0 /* Release */,
			);
			defaultConfigurationIsVisible = 0;
			defaultConfigurationName = Release;
		};
		9FFF13B82EFDBD8A003BB8C0 /* Build configuration list for PBXNativeTarget "Auntentic_AI" */ = {
			isa = XCConfigurationList;
			buildConfigurations = (
				9FFF13B92EFDBD8A003BB8C0 /* Debug */,
				9FFF13BA2EFDBD8A003BB8C0 /* Release */,
			);
			defaultConfigurationIsVisible = 0;
			defaultConfigurationName = Release;
		};
		9FFF13BD2EFDBD8A003BB8C0 /* Build configuration list for PBXNativeTarget "Auntentic_AITests" */ = {
			isa = XCConfigurationList;
			buildConfigurations = (
				9FFF13BE2EFDBD8A003BB8C0 /* Debug */,
				9FFF13BF2EFDBD8A003BB8C0 /* Release */,
			);
			defaultConfigurationIsVisible = 0;
			defaultConfigurationName = Release;
		};
		9FFF13C02EFDBD8A003BB8C0 /* Build configuration list for PBXNativeTarget "Auntentic_AIUITests" */ = {
			isa = XCConfigurationList;
			buildConfigurations = (
				9FFF13C12EFDBD8A003BB8C0 /* Debug */,
				9FFF13C22EFDBD8A003BB8C0 /* Release */,
			);
			defaultConfigurationIsVisible = 0;
			defaultConfigurationName = Release;
		};
/* End XCConfigurationList section */

/* Begin XCRemoteSwiftPackageReference section */
		9F89BAC42F1B08AC0047DC56 /* XCRemoteSwiftPackageReference "GoogleSignIn-iOS" */ = {
			isa = XCRemoteSwiftPackageReference;
			repositoryURL = "https://github.com/google/GoogleSignIn-iOS";
			requirement = {
				kind = upToNextMajorVersion;
				minimumVersion = 9.1.0;
			};
		};
		9FFF13C42EFDBD8A003BB8C0 /* XCRemoteSwiftPackageReference "supabase-swift" */ = {
			isa = XCRemoteSwiftPackageReference;
			repositoryURL = "https://github.com/supabase/supabase-swift.git";
			requirement = {
				kind = upToNextMajorVersion;
				minimumVersion = 2.0.0;
			};
		};
/* End XCRemoteSwiftPackageReference section */

/* Begin XCSwiftPackageProductDependency section */
		9F89BAC52F1B08AC0047DC56 /* GoogleSignIn */ = {
			isa = XCSwiftPackageProductDependency;
			package = 9F89BAC42F1B08AC0047DC56 /* XCRemoteSwiftPackageReference "GoogleSignIn-iOS" */;
			productName = GoogleSignIn;
		};
		9FFF13C32EFDBD8A003BB8C0 /* Supabase */ = {
			isa = XCSwiftPackageProductDependency;
			package = 9FFF13C42EFDBD8A003BB8C0 /* XCRemoteSwiftPackageReference "supabase-swift" */;
			productName = Supabase;
		};
/* End XCSwiftPackageProductDependency section */
	};
	rootObject = 9FFF138C2EFDBD88003BB8C0 /* Project object */;
}
